
Microsoft Visual Studio Solution File, Format Version 12.00
# Visual Studio Version 16
VisualStudioVersion = 16.0.30204.135
MinimumVisualStudioVersion = 10.0.40219.1
Project("{FAE04EC0-301F-11D3-BF4B-00C04F79EFBC}") = "ManageProjectStudent_View", "ManageProjectStudent_View\ManageProjectStudent_View.csproj", "{DE52FFE2-F4E6-4D94-A05E-501CC6A8C3F3}"
EndProject
Project("{FAE04EC0-301F-11D3-BF4B-00C04F79EFBC}") = "ManageProjectStudent_Model", "ManageProjectStudent_Model\ManageProjectStudent_Model.csproj", "{D9716C79-EF4D-4524-9BD8-B0ED55DE0662}"
EndProject
Project("{FAE04EC0-301F-11D3-BF4B-00C04F79EFBC}") = "ManageProjectStudent_ViewModel", "ManageProjectStudent_ViewModel\ManageProjectStudent_ViewModel.csproj", "{290B75DD-FA5A-4926-8610-D4D7B1CEA511}"
EndProject
Project("{FAE04EC0-301F-11D3-BF4B-00C04F79EFBC}") = "ManageProjectStudent_Interface", "ManageProjectStudent_Interface\ManageProjectStudent_Interface.csproj", "{6ED2A8AE-C379-4B32-B1B3-DD96D53836B6}"
EndProject
Global
	GlobalSection(SolutionConfigurationPlatforms) = preSolution
		Debug|Any CPU = Debug|Any CPU
		Release|Any CPU = Release|Any CPU
	EndGlobalSection
	GlobalSection(ProjectConfigurationPlatforms) = postSolution
		{DE52FFE2-F4E6-4D94-A05E-501CC6A8C3F3}.Debug|Any CPU.ActiveCfg = Debug|Any CPU
		{DE52FFE2-F4E6-4D94-A05E-501CC6A8C3F3}.Debug|Any CPU.Build.0 = Debug|Any CPU
		{DE52FFE2-F4E6-4D94-A05E-501CC6A8C3F3}.Release|Any CPU.ActiveCfg = Release|Any CPU
		{DE52FFE2-F4E6-4D94-A05E-501CC6A8C3F3}.Release|Any CPU.Build.0 = Release|Any CPU
		{D9716C79-EF4D-4524-9BD8-B0ED55DE0662}.Debug|Any CPU.ActiveCfg = Debug|Any CPU
		{D9716C79-EF4D-4524-9BD8-B0ED55DE0662}.Debug|Any CPU.Build.0 = Debug|Any CPU
		{D9716C79-EF4D-4524-9BD8-B0ED55DE0662}.Release|Any CPU.ActiveCfg = Release|Any CPU
		{D9716C79-EF4D-4524-9BD8-B0ED55DE0662}.Release|Any CPU.Build.0 = Release|Any CPU
		{290B75DD-FA5A-4926-8610-D4D7B1CEA511}.Debug|Any CPU.ActiveCfg = Debug|Any CPU
		{290B75DD-FA5A-4926-8610-D4D7B1CEA511}.Debug|Any CPU.Build.0 = Debug|Any CPU
		{290B75DD-FA5A-4926-8610-D4D7B1CEA511}.Release|Any CPU.ActiveCfg = Release|Any CPU
		{290B75DD-FA5A-4926-8610-D4D7B1CEA511}.Release|Any CPU.Build.0 = Release|Any CPU
		{6ED2A8AE-C379-4B32-B1B3-DD96D53836B6}.Debug|Any CPU.ActiveCfg = Debug|Any CPU
		{6ED2A8AE-C379-4B32-B1B3-DD96D53836B6}.Debug|Any CPU.Build.0 = Debug|Any CPU
		{6ED2A8AE-C379-4B32-B1B3-DD96D53836B6}.Release|Any CPU.ActiveCfg = Release|Any CPU
		{6ED2A8AE-C379-4B32-B1B3-DD96D53836B6}.Release|Any CPU.Build.0 = Release|Any CPU
	EndGlobalSection
	GlobalSection(SolutionProperties) = preSolution
		HideSolutionNode = FALSE
	EndGlobalSection
	GlobalSection(ExtensibilityGlobals) = postSolution
		SolutionGuid = {816D05A0-D122-4E9E-A92A-9696EE672AA1}
	EndGlobalSection
EndGlobal
